
Microsoft Visual Studio Solution File, Format Version 12.00
# Visual Studio Version 17
VisualStudioVersion = 17.14.36327.8
MinimumVisualStudioVersion = 10.0.40219.1
Project("{FAE04EC0-301F-11D3-BF4B-00C04F79EFBC}") = "DovizKuru-API", "DovizKuru-API\DovizKuru-API.csproj", "{BF11EEDB-EE7E-4F0C-81DD-5CC42F7622A7}"
EndProject
Global
	GlobalSection(SolutionConfigurationPlatforms) = preSolution
		Debug|Any CPU = Debug|Any CPU
		Release|Any CPU = Release|Any CPU
	EndGlobalSection
	GlobalSection(ProjectConfigurationPlatforms) = postSolution
		{BF11EEDB-EE7E-4F0C-81DD-5CC42F7622A7}.Debug|Any CPU.ActiveCfg = Debug|Any CPU
		{BF11EEDB-EE7E-4F0C-81DD-5CC42F7622A7}.Debug|Any CPU.Build.0 = Debug|Any CPU
		{BF11EEDB-EE7E-4F0C-81DD-5CC42F7622A7}.Release|Any CPU.ActiveCfg = Release|Any CPU
		{BF11EEDB-EE7E-4F0C-81DD-5CC42F7622A7}.Release|Any CPU.Build.0 = Release|Any CPU
	EndGlobalSection
	GlobalSection(SolutionProperties) = preSolution
		HideSolutionNode = FALSE
	EndGlobalSection
	GlobalSection(ExtensibilityGlobals) = postSolution
		SolutionGuid = {F5878D01-4295-466F-8ED1-E8B8D0EA5A14}
	EndGlobalSection
EndGlobal
